Microsoft Visual Studio Solution File, Format Version 11.00
# Visual Studio 2008

Project("{0BCCA8CD-2D9A-E973-95DD-B32CA024495B}") = "survivereddit", "Assembly-CSharp-firstpass.csproj", "{3B9BC6EC-6F87-ACF0-FAA0-2D41A4BD06CB}"
EndProject
Project("{0BCCA8CD-2D9A-E973-95DD-B32CA024495B}") = "survivereddit", "Assembly-CSharp.csproj", "{E56FF856-5B9E-D559-F218-0C8B95BCAE34}"
EndProject
Project("{0BCCA8CD-2D9A-E973-95DD-B32CA024495B}") = "survivereddit", "Assembly-CSharp-Editor.csproj", "{8767CD69-C498-6CDD-5A9F-80F8FDB826EB}"
EndProject
Project("{0BCCA8CD-2D9A-E973-95DD-B32CA024495B}") = "survivereddit", "Assembly-UnityScript-firstpass.unityproj", "{59A58A60-E2F3-7DB9-7832-4159EA243F83}"
EndProject
Project("{0BCCA8CD-2D9A-E973-95DD-B32CA024495B}") = "survivereddit", "Assembly-UnityScript.unityproj", "{606A5C94-5984-CAEC-32AE-5E8BA2AD9010}"
EndProject
Global
	GlobalSection(SolutionConfigurationPlatforms) = preSolution
		Debug|Any CPU = Debug|Any CPU
		Release|Any CPU = Release|Any CPU
	EndGlobalSection
	GlobalSection(ProjectConfigurationPlatforms) = postSolution
		{3B9BC6EC-6F87-ACF0-FAA0-2D41A4BD06CB}.Debug|Any CPU.ActiveCfg = Debug|Any CPU
		{3B9BC6EC-6F87-ACF0-FAA0-2D41A4BD06CB}.Debug|Any CPU.Build.0 = Debug|Any CPU
		{3B9BC6EC-6F87-ACF0-FAA0-2D41A4BD06CB}.Release|Any CPU.ActiveCfg = Release|Any CPU
		{3B9BC6EC-6F87-ACF0-FAA0-2D41A4BD06CB}.Release|Any CPU.Build.0 = Release|Any CPU
		{E56FF856-5B9E-D559-F218-0C8B95BCAE34}.Debug|Any CPU.ActiveCfg = Debug|Any CPU
		{E56FF856-5B9E-D559-F218-0C8B95BCAE34}.Debug|Any CPU.Build.0 = Debug|Any CPU
		{E56FF856-5B9E-D559-F218-0C8B95BCAE34}.Release|Any CPU.ActiveCfg = Release|Any CPU
		{E56FF856-5B9E-D559-F218-0C8B95BCAE34}.Release|Any CPU.Build.0 = Release|Any CPU
		{8767CD69-C498-6CDD-5A9F-80F8FDB826EB}.Debug|Any CPU.ActiveCfg = Debug|Any CPU
		{8767CD69-C498-6CDD-5A9F-80F8FDB826EB}.Debug|Any CPU.Build.0 = Debug|Any CPU
		{8767CD69-C498-6CDD-5A9F-80F8FDB826EB}.Release|Any CPU.ActiveCfg = Release|Any CPU
		{8767CD69-C498-6CDD-5A9F-80F8FDB826EB}.Release|Any CPU.Build.0 = Release|Any CPU
		{59A58A60-E2F3-7DB9-7832-4159EA243F83}.Debug|Any CPU.ActiveCfg = Debug|Any CPU
		{59A58A60-E2F3-7DB9-7832-4159EA243F83}.Debug|Any CPU.Build.0 = Debug|Any CPU
		{59A58A60-E2F3-7DB9-7832-4159EA243F83}.Release|Any CPU.ActiveCfg = Release|Any CPU
		{59A58A60-E2F3-7DB9-7832-4159EA243F83}.Release|Any CPU.Build.0 = Release|Any CPU
		{606A5C94-5984-CAEC-32AE-5E8BA2AD9010}.Debug|Any CPU.ActiveCfg = Debug|Any CPU
		{606A5C94-5984-CAEC-32AE-5E8BA2AD9010}.Debug|Any CPU.Build.0 = Debug|Any CPU
		{606A5C94-5984-CAEC-32AE-5E8BA2AD9010}.Release|Any CPU.ActiveCfg = Release|Any CPU
		{606A5C94-5984-CAEC-32AE-5E8BA2AD9010}.Release|Any CPU.Build.0 = Release|Any CPU
	EndGlobalSection
	GlobalSection(SolutionProperties) = preSolution
		HideSolutionNode = FALSE
	EndGlobalSection
																GlobalSection(MonoDevelopProperties) = preSolution
		StartupItem = Assembly-CSharp.csproj
		Policies = $0
		$0.TextStylePolicy = $1
		$1.inheritsSet = null
		$1.scope = text/x-csharp
		$0.CSharpFormattingPolicy = $2
		$2.inheritsSet = Mono
		$2.inheritsScope = text/x-csharp
		$2.scope = text/x-csharp
		$0.TextStylePolicy = $3
		$3.FileWidth = 120
		$3.TabWidth = 4
		$3.EolMarker = Unix
		$3.inheritsSet = Mono
		$3.inheritsScope = text/plain
		$3.scope = text/plain
	EndGlobalSection

EndGlobal
